
Microsoft Visual Studio Solution File, Format Version 12.00
# Visual Studio Version 17
VisualStudioVersion = 17.7.34031.279
MinimumVisualStudioVersion = 10.0.40219.1
Project("{8BC9CEB8-8B4A-11D0-8D11-00A0C91BC942}") = "Lab_04_3", "Lab_04_3\Lab_04_3.vcxproj", "{33113E94-DB4C-43AF-8009-0AC11BFF6B2C}"
EndProject
Global
	GlobalSection(SolutionConfigurationPlatforms) = preSolution
		Debug|x64 = Debug|x64
		Debug|x86 = Debug|x86
		Release|x64 = Release|x64
		Release|x86 = Release|x86
	EndGlobalSection
	GlobalSection(ProjectConfigurationPlatforms) = postSolution
		{33113E94-DB4C-43AF-8009-0AC11BFF6B2C}.Debug|x64.ActiveCfg = Debug|x64
		{33113E94-DB4C-43AF-8009-0AC11BFF6B2C}.Debug|x64.Build.0 = Debug|x64
		{33113E94-DB4C-43AF-8009-0AC11BFF6B2C}.Debug|x86.ActiveCfg = Debug|Win32
		{33113E94-DB4C-43AF-8009-0AC11BFF6B2C}.Debug|x86.Build.0 = Debug|Win32
		{33113E94-DB4C-43AF-8009-0AC11BFF6B2C}.Release|x64.ActiveCfg = Release|x64
		{33113E94-DB4C-43AF-8009-0AC11BFF6B2C}.Release|x64.Build.0 = Release|x64
		{33113E94-DB4C-43AF-8009-0AC11BFF6B2C}.Release|x86.ActiveCfg = Release|Win32
		{33113E94-DB4C-43AF-8009-0AC11BFF6B2C}.Release|x86.Build.0 = Release|Win32
	EndGlobalSection
	GlobalSection(SolutionProperties) = preSolution
		HideSolutionNode = FALSE
	EndGlobalSection
	GlobalSection(ExtensibilityGlobals) = postSolution
		SolutionGuid = {36337102-39E2-4B61-92F1-C0B4E402EB5F}
	EndGlobalSection
EndGlobal
